
Microsoft Visual Studio Solution File, Format Version 12.00
# Visual Studio Version 17
VisualStudioVersion = 17.7.34024.191
MinimumVisualStudioVersion = 10.0.40219.1
Project("{FAE04EC0-301F-11D3-BF4B-00C04F79EFBC}") = "MainProgram", "MainProgram\MainProgram.csproj", "{C8A6B6E6-2B98-4092-889F-F7627884D7B7}"
EndProject
Global
	GlobalSection(SolutionConfigurationPlatforms) = preSolution
		Debug|Any CPU = Debug|Any CPU
		Release|Any CPU = Release|Any CPU
	EndGlobalSection
	GlobalSection(ProjectConfigurationPlatforms) = postSolution
		{C8A6B6E6-2B98-4092-889F-F7627884D7B7}.Debug|Any CPU.ActiveCfg = Debug|Any CPU
		{C8A6B6E6-2B98-4092-889F-F7627884D7B7}.Debug|Any CPU.Build.0 = Debug|Any CPU
		{C8A6B6E6-2B98-4092-889F-F7627884D7B7}.Release|Any CPU.ActiveCfg = Release|Any CPU
		{C8A6B6E6-2B98-4092-889F-F7627884D7B7}.Release|Any CPU.Build.0 = Release|Any CPU
	EndGlobalSection
	GlobalSection(SolutionProperties) = preSolution
		HideSolutionNode = FALSE
	EndGlobalSection
	GlobalSection(ExtensibilityGlobals) = postSolution
		SolutionGuid = {4606D8C0-CCCB-480E-B4EC-FB0614CDB154}
	EndGlobalSection
EndGlobal
